
Microsoft Visual Studio Solution File, Format Version 12.00
# Visual Studio Version 17
VisualStudioVersion = 17.4.33205.214
MinimumVisualStudioVersion = 10.0.40219.1
Project("{FAE04EC0-301F-11D3-BF4B-00C04F79EFBC}") = "TwitterStatsTerminal", "TwitterStatsTerminal\TwitterStatsTerminal.csproj", "{6E9396CA-AB93-4D37-9070-1F61F2DDFC3D}"
EndProject
Global
	GlobalSection(SolutionConfigurationPlatforms) = preSolution
		Debug|Any CPU = Debug|Any CPU
		Release|Any CPU = Release|Any CPU
	EndGlobalSection
	GlobalSection(ProjectConfigurationPlatforms) = postSolution
		{6E9396CA-AB93-4D37-9070-1F61F2DDFC3D}.Debug|Any CPU.ActiveCfg = Debug|Any CPU
		{6E9396CA-AB93-4D37-9070-1F61F2DDFC3D}.Debug|Any CPU.Build.0 = Debug|Any CPU
		{6E9396CA-AB93-4D37-9070-1F61F2DDFC3D}.Release|Any CPU.ActiveCfg = Release|Any CPU
		{6E9396CA-AB93-4D37-9070-1F61F2DDFC3D}.Release|Any CPU.Build.0 = Release|Any CPU
	EndGlobalSection
	GlobalSection(SolutionProperties) = preSolution
		HideSolutionNode = FALSE
	EndGlobalSection
	GlobalSection(ExtensibilityGlobals) = postSolution
		SolutionGuid = {DC1A74D7-7D77-46C6-95A1-9BE52B9BFD37}
	EndGlobalSection
EndGlobal
